
Microsoft Visual Studio Solution File, Format Version 12.00
# Visual Studio Version 17
VisualStudioVersion = 17.3.32804.467
MinimumVisualStudioVersion = 10.0.40219.1
Project("{FAE04EC0-301F-11D3-BF4B-00C04F79EFBC}") = "NOOBRUOTSI", "NOOBRUOTSI.csproj", "{7356DD24-1C1D-4C48-BC96-FA5A398604F5}"
EndProject
Global
	GlobalSection(SolutionConfigurationPlatforms) = preSolution
		Debug|Any CPU = Debug|Any CPU
		Release|Any CPU = Release|Any CPU
	EndGlobalSection
	GlobalSection(ProjectConfigurationPlatforms) = postSolution
		{7356DD24-1C1D-4C48-BC96-FA5A398604F5}.Debug|Any CPU.ActiveCfg = Debug|Any CPU
		{7356DD24-1C1D-4C48-BC96-FA5A398604F5}.Debug|Any CPU.Build.0 = Debug|Any CPU
		{7356DD24-1C1D-4C48-BC96-FA5A398604F5}.Release|Any CPU.ActiveCfg = Release|Any CPU
		{7356DD24-1C1D-4C48-BC96-FA5A398604F5}.Release|Any CPU.Build.0 = Release|Any CPU
	EndGlobalSection
	GlobalSection(SolutionProperties) = preSolution
		HideSolutionNode = FALSE
	EndGlobalSection
	GlobalSection(ExtensibilityGlobals) = postSolution
		SolutionGuid = {04E212BF-A677-4578-A24A-8BC9002C6124}
	EndGlobalSection
EndGlobal
